
Microsoft Visual Studio Solution File, Format Version 12.00
# Visual Studio Version 17
VisualStudioVersion = 17.4.33110.190
MinimumVisualStudioVersion = 10.0.40219.1
Project("{9A19103F-16F7-4668-BE54-9A1E7A4F7556}") = "time", "time.csproj", "{14A1509F-7B5A-4D9A-9E4F-2A226FEFB0A6}"
EndProject
Project("{FAE04EC0-301F-11D3-BF4B-00C04F79EFBC}") = "TestProject2", "..\TestProject2\TestProject2.csproj", "{79CC70C5-D542-46BD-99D4-3B8CC9B6C285}"
EndProject
Global
	GlobalSection(SolutionConfigurationPlatforms) = preSolution
		Debug|Any CPU = Debug|Any CPU
		Release|Any CPU = Release|Any CPU
	EndGlobalSection
	GlobalSection(ProjectConfigurationPlatforms) = postSolution
		{14A1509F-7B5A-4D9A-9E4F-2A226FEFB0A6}.Debug|Any CPU.ActiveCfg = Debug|Any CPU
		{14A1509F-7B5A-4D9A-9E4F-2A226FEFB0A6}.Debug|Any CPU.Build.0 = Debug|Any CPU
		{14A1509F-7B5A-4D9A-9E4F-2A226FEFB0A6}.Release|Any CPU.ActiveCfg = Release|Any CPU
		{14A1509F-7B5A-4D9A-9E4F-2A226FEFB0A6}.Release|Any CPU.Build.0 = Release|Any CPU
		{79CC70C5-D542-46BD-99D4-3B8CC9B6C285}.Debug|Any CPU.ActiveCfg = Debug|Any CPU
		{79CC70C5-D542-46BD-99D4-3B8CC9B6C285}.Debug|Any CPU.Build.0 = Debug|Any CPU
		{79CC70C5-D542-46BD-99D4-3B8CC9B6C285}.Release|Any CPU.ActiveCfg = Release|Any CPU
		{79CC70C5-D542-46BD-99D4-3B8CC9B6C285}.Release|Any CPU.Build.0 = Release|Any CPU
	EndGlobalSection
	GlobalSection(SolutionProperties) = preSolution
		HideSolutionNode = FALSE
	EndGlobalSection
	GlobalSection(ExtensibilityGlobals) = postSolution
		SolutionGuid = {70AC5A17-E051-4722-8D0C-7F55C0BA4869}
	EndGlobalSection
EndGlobal
