
Microsoft Visual Studio Solution File, Format Version 12.00
# Visual Studio Version 17
VisualStudioVersion = 17.5.33530.505
MinimumVisualStudioVersion = 10.0.40219.1
Project("{FAE04EC0-301F-11D3-BF4B-00C04F79EFBC}") = "ThreadApp", "ThreadApp.csproj", "{78293F86-4680-42EE-9A5D-1730D6C5CDC3}"
EndProject
Global
	GlobalSection(SolutionConfigurationPlatforms) = preSolution
		Debug|Any CPU = Debug|Any CPU
		Release|Any CPU = Release|Any CPU
	EndGlobalSection
	GlobalSection(ProjectConfigurationPlatforms) = postSolution
		{78293F86-4680-42EE-9A5D-1730D6C5CDC3}.Debug|Any CPU.ActiveCfg = Debug|Any CPU
		{78293F86-4680-42EE-9A5D-1730D6C5CDC3}.Debug|Any CPU.Build.0 = Debug|Any CPU
		{78293F86-4680-42EE-9A5D-1730D6C5CDC3}.Release|Any CPU.ActiveCfg = Release|Any CPU
		{78293F86-4680-42EE-9A5D-1730D6C5CDC3}.Release|Any CPU.Build.0 = Release|Any CPU
	EndGlobalSection
	GlobalSection(SolutionProperties) = preSolution
		HideSolutionNode = FALSE
	EndGlobalSection
	GlobalSection(ExtensibilityGlobals) = postSolution
		SolutionGuid = {1C762B22-5280-423F-939B-B3606D8E8E83}
	EndGlobalSection
EndGlobal
