
Microsoft Visual Studio Solution File, Format Version 12.00
# Visual Studio Version 17
VisualStudioVersion = 17.5.33530.505
MinimumVisualStudioVersion = 10.0.40219.1
Project("{FAE04EC0-301F-11D3-BF4B-00C04F79EFBC}") = "MyJson", "MyJson\MyJson.csproj", "{BFC486F6-A42A-429A-A787-7561D0920720}"
EndProject
Global
	GlobalSection(SolutionConfigurationPlatforms) = preSolution
		Debug|Any CPU = Debug|Any CPU
		Release|Any CPU = Release|Any CPU
	EndGlobalSection
	GlobalSection(ProjectConfigurationPlatforms) = postSolution
		{BFC486F6-A42A-429A-A787-7561D0920720}.Debug|Any CPU.ActiveCfg = Debug|Any CPU
		{BFC486F6-A42A-429A-A787-7561D0920720}.Debug|Any CPU.Build.0 = Debug|Any CPU
		{BFC486F6-A42A-429A-A787-7561D0920720}.Release|Any CPU.ActiveCfg = Release|Any CPU
		{BFC486F6-A42A-429A-A787-7561D0920720}.Release|Any CPU.Build.0 = Release|Any CPU
	EndGlobalSection
	GlobalSection(SolutionProperties) = preSolution
		HideSolutionNode = FALSE
	EndGlobalSection
	GlobalSection(ExtensibilityGlobals) = postSolution
		SolutionGuid = {1C762B22-5280-423F-939B-B3606D8E8E83}
	EndGlobalSection
EndGlobal
